
Microsoft Visual Studio Solution File, Format Version 12.00
# Visual Studio Version 17
VisualStudioVersion = 17.0.31903.59
MinimumVisualStudioVersion = 10.0.40219.1
Project("{2150E333-8FDC-42A3-9474-1A3956D46DE8}") = "src", "src", "{827E0CD3-B72D-47B6-A68D-7590B98EB39B}"
EndProject
Project("{FAE04EC0-301F-11D3-BF4B-00C04F79EFBC}") = "BookMS.Domain", "src\BookMS.Domain\BookMS.Domain.csproj", "{D00B9CFE-AF6A-4098-A377-D19F0F0B4DF1}"
EndProject
Project("{FAE04EC0-301F-11D3-BF4B-00C04F79EFBC}") = "BookMS.Application", "src\BookMS.Application\BookMS.Application.csproj", "{D01C65DC-B28F-470A-9FD4-C34F99C071A5}"
EndProject
Project("{FAE04EC0-301F-11D3-BF4B-00C04F79EFBC}") = "BookMS.Infrastructure", "src\BookMS.Infrastructure\BookMS.Infrastructure.csproj", "{A24BBA00-CDDD-4A8F-8403-70AC62536AC8}"
EndProject
Project("{FAE04EC0-301F-11D3-BF4B-00C04F79EFBC}") = "BookMS.WebApi", "src\BookMS.WebApi\BookMS.WebApi.csproj", "{C4B9BD1A-D18B-4D38-A489-DEA7DDCCBBF6}"
EndProject
Project("{FAE04EC0-301F-11D3-BF4B-00C04F79EFBC}") = "BookMS.Tests", "tests\BookMS.Tests\BookMS.Tests.csproj", "{C6AFF90A-415C-4C76-A9FE-0EBC8D99F34D}"
EndProject
Project("{2150E333-8FDC-42A3-9474-1A3956D46DE8}") = "Solution Items", "Solution Items", "{8EC462FD-D22E-90A8-E5CE-7E832BA40C5D}"
	ProjectSection(SolutionItems) = preProject
		.dockerignore = .dockerignore
		.env = .env
		docker-compose.yml = docker-compose.yml
	EndProjectSection
EndProject
Global
	GlobalSection(SolutionConfigurationPlatforms) = preSolution
		Debug|Any CPU = Debug|Any CPU
		Debug|x64 = Debug|x64
		Debug|x86 = Debug|x86
		Release|Any CPU = Release|Any CPU
		Release|x64 = Release|x64
		Release|x86 = Release|x86
	EndGlobalSection
	GlobalSection(ProjectConfigurationPlatforms) = postSolution
		{D00B9CFE-AF6A-4098-A377-D19F0F0B4DF1}.Debug|Any CPU.ActiveCfg = Debug|Any CPU
		{D00B9CFE-AF6A-4098-A377-D19F0F0B4DF1}.Debug|Any CPU.Build.0 = Debug|Any CPU
		{D00B9CFE-AF6A-4098-A377-D19F0F0B4DF1}.Debug|x64.ActiveCfg = Debug|Any CPU
		{D00B9CFE-AF6A-4098-A377-D19F0F0B4DF1}.Debug|x64.Build.0 = Debug|Any CPU
		{D00B9CFE-AF6A-4098-A377-D19F0F0B4DF1}.Debug|x86.ActiveCfg = Debug|Any CPU
		{D00B9CFE-AF6A-4098-A377-D19F0F0B4DF1}.Debug|x86.Build.0 = Debug|Any CPU
		{D00B9CFE-AF6A-4098-A377-D19F0F0B4DF1}.Release|Any CPU.ActiveCfg = Release|Any CPU
		{D00B9CFE-AF6A-4098-A377-D19F0F0B4DF1}.Release|Any CPU.Build.0 = Release|Any CPU
		{D00B9CFE-AF6A-4098-A377-D19F0F0B4DF1}.Release|x64.ActiveCfg = Release|Any CPU
		{D00B9CFE-AF6A-4098-A377-D19F0F0B4DF1}.Release|x64.Build.0 = Release|Any CPU
		{D00B9CFE-AF6A-4098-A377-D19F0F0B4DF1}.Release|x86.ActiveCfg = Release|Any CPU
		{D00B9CFE-AF6A-4098-A377-D19F0F0B4DF1}.Release|x86.Build.0 = Release|Any CPU
		{D01C65DC-B28F-470A-9FD4-C34F99C071A5}.Debug|Any CPU.ActiveCfg = Debug|Any CPU
		{D01C65DC-B28F-470A-9FD4-C34F99C071A5}.Debug|Any CPU.Build.0 = Debug|Any CPU
		{D01C65DC-B28F-470A-9FD4-C34F99C071A5}.Debug|x64.ActiveCfg = Debug|Any CPU
		{D01C65DC-B28F-470A-9FD4-C34F99C071A5}.Debug|x64.Build.0 = Debug|Any CPU
		{D01C65DC-B28F-470A-9FD4-C34F99C071A5}.Debug|x86.ActiveCfg = Debug|Any CPU
		{D01C65DC-B28F-470A-9FD4-C34F99C071A5}.Debug|x86.Build.0 = Debug|Any CPU
		{D01C65DC-B28F-470A-9FD4-C34F99C071A5}.Release|Any CPU.ActiveCfg = Release|Any CPU
		{D01C65DC-B28F-470A-9FD4-C34F99C071A5}.Release|Any CPU.Build.0 = Release|Any CPU
		{D01C65DC-B28F-470A-9FD4-C34F99C071A5}.Release|x64.ActiveCfg = Release|Any CPU
		{D01C65DC-B28F-470A-9FD4-C34F99C071A5}.Release|x64.Build.0 = Release|Any CPU
		{D01C65DC-B28F-470A-9FD4-C34F99C071A5}.Release|x86.ActiveCfg = Release|Any CPU
		{D01C65DC-B28F-470A-9FD4-C34F99C071A5}.Release|x86.Build.0 = Release|Any CPU
		{A24BBA00-CDDD-4A8F-8403-70AC62536AC8}.Debug|Any CPU.ActiveCfg = Debug|Any CPU
		{A24BBA00-CDDD-4A8F-8403-70AC62536AC8}.Debug|Any CPU.Build.0 = Debug|Any CPU
		{A24BBA00-CDDD-4A8F-8403-70AC62536AC8}.Debug|x64.ActiveCfg = Debug|Any CPU
		{A24BBA00-CDDD-4A8F-8403-70AC62536AC8}.Debug|x64.Build.0 = Debug|Any CPU
		{A24BBA00-CDDD-4A8F-8403-70AC62536AC8}.Debug|x86.ActiveCfg = Debug|Any CPU
		{A24BBA00-CDDD-4A8F-8403-70AC62536AC8}.Debug|x86.Build.0 = Debug|Any CPU
		{A24BBA00-CDDD-4A8F-8403-70AC62536AC8}.Release|Any CPU.ActiveCfg = Release|Any CPU
		{A24BBA00-CDDD-4A8F-8403-70AC62536AC8}.Release|Any CPU.Build.0 = Release|Any CPU
		{A24BBA00-CDDD-4A8F-8403-70AC62536AC8}.Release|x64.ActiveCfg = Release|Any CPU
		{A24BBA00-CDDD-4A8F-8403-70AC62536AC8}.Release|x64.Build.0 = Release|Any CPU
		{A24BBA00-CDDD-4A8F-8403-70AC62536AC8}.Release|x86.ActiveCfg = Release|Any CPU
		{A24BBA00-CDDD-4A8F-8403-70AC62536AC8}.Release|x86.Build.0 = Release|Any CPU
		{C4B9BD1A-D18B-4D38-A489-DEA7DDCCBBF6}.Debug|Any CPU.ActiveCfg = Debug|Any CPU
		{C4B9BD1A-D18B-4D38-A489-DEA7DDCCBBF6}.Debug|Any CPU.Build.0 = Debug|Any CPU
		{C4B9BD1A-D18B-4D38-A489-DEA7DDCCBBF6}.Debug|x64.ActiveCfg = Debug|Any CPU
		{C4B9BD1A-D18B-4D38-A489-DEA7DDCCBBF6}.Debug|x64.Build.0 = Debug|Any CPU
		{C4B9BD1A-D18B-4D38-A489-DEA7DDCCBBF6}.Debug|x86.ActiveCfg = Debug|Any CPU
		{C4B9BD1A-D18B-4D38-A489-DEA7DDCCBBF6}.Debug|x86.Build.0 = Debug|Any CPU
		{C4B9BD1A-D18B-4D38-A489-DEA7DDCCBBF6}.Release|Any CPU.ActiveCfg = Release|Any CPU
		{C4B9BD1A-D18B-4D38-A489-DEA7DDCCBBF6}.Release|Any CPU.Build.0 = Release|Any CPU
		{C4B9BD1A-D18B-4D38-A489-DEA7DDCCBBF6}.Release|x64.ActiveCfg = Release|Any CPU
		{C4B9BD1A-D18B-4D38-A489-DEA7DDCCBBF6}.Release|x64.Build.0 = Release|Any CPU
		{C4B9BD1A-D18B-4D38-A489-DEA7DDCCBBF6}.Release|x86.ActiveCfg = Release|Any CPU
		{C4B9BD1A-D18B-4D38-A489-DEA7DDCCBBF6}.Release|x86.Build.0 = Release|Any CPU
		{C6AFF90A-415C-4C76-A9FE-0EBC8D99F34D}.Debug|Any CPU.ActiveCfg = Debug|Any CPU
		{C6AFF90A-415C-4C76-A9FE-0EBC8D99F34D}.Debug|Any CPU.Build.0 = Debug|Any CPU
		{C6AFF90A-415C-4C76-A9FE-0EBC8D99F34D}.Debug|x64.ActiveCfg = Debug|Any CPU
		{C6AFF90A-415C-4C76-A9FE-0EBC8D99F34D}.Debug|x64.Build.0 = Debug|Any CPU
		{C6AFF90A-415C-4C76-A9FE-0EBC8D99F34D}.Debug|x86.ActiveCfg = Debug|Any CPU
		{C6AFF90A-415C-4C76-A9FE-0EBC8D99F34D}.Debug|x86.Build.0 = Debug|Any CPU
		{C6AFF90A-415C-4C76-A9FE-0EBC8D99F34D}.Release|Any CPU.ActiveCfg = Release|Any CPU
		{C6AFF90A-415C-4C76-A9FE-0EBC8D99F34D}.Release|Any CPU.Build.0 = Release|Any CPU
		{C6AFF90A-415C-4C76-A9FE-0EBC8D99F34D}.Release|x64.ActiveCfg = Release|Any CPU
		{C6AFF90A-415C-4C76-A9FE-0EBC8D99F34D}.Release|x64.Build.0 = Release|Any CPU
		{C6AFF90A-415C-4C76-A9FE-0EBC8D99F34D}.Release|x86.ActiveCfg = Release|Any CPU
		{C6AFF90A-415C-4C76-A9FE-0EBC8D99F34D}.Release|x86.Build.0 = Release|Any CPU
	EndGlobalSection
	GlobalSection(SolutionProperties) = preSolution
		HideSolutionNode = FALSE
	EndGlobalSection
	GlobalSection(NestedProjects) = preSolution
		{D00B9CFE-AF6A-4098-A377-D19F0F0B4DF1} = {827E0CD3-B72D-47B6-A68D-7590B98EB39B}
		{D01C65DC-B28F-470A-9FD4-C34F99C071A5} = {827E0CD3-B72D-47B6-A68D-7590B98EB39B}
		{A24BBA00-CDDD-4A8F-8403-70AC62536AC8} = {827E0CD3-B72D-47B6-A68D-7590B98EB39B}
		{C4B9BD1A-D18B-4D38-A489-DEA7DDCCBBF6} = {827E0CD3-B72D-47B6-A68D-7590B98EB39B}
		{C6AFF90A-415C-4C76-A9FE-0EBC8D99F34D} = {827E0CD3-B72D-47B6-A68D-7590B98EB39B}
	EndGlobalSection
	GlobalSection(ExtensibilityGlobals) = postSolution
		SolutionGuid = {55F68320-E31B-4470-96A8-1DE658EBC91A}
	EndGlobalSection
EndGlobal
